argparse 0.6.0-1|412e6aca393e365f92c0315dfe50181b193f1ace|production
busted 2.1.1-1|e3ed48759b625f2e37bf02ccc057b2b98108f108|testing
date 2.2-2|8d74567cf979c1eab2c6b6ca2e3b978fa40569a2|production
dkjson 2.5-2||testing
fifo 0.2-0||development
inspect 3.1.1-0||production
jsonschema 0.8-0|c1d72d86bb3dc5b33da57d47febc47657d29ea74|testing
ldoc 1.4.6-2||development
liquid 0.2.0-2||production
lua-resty-env 0.4.0-1||production
lua-resty-execvp 0.1.1-1||production
lua-resty-http 0.15-0|41b2e822ce5c19f64e293b7dc2d5d244e511615d|production
lua-resty-iputils 0.3.0-1|6110b41eaa52efd25e56f89e34412ab95f700d57|production
lua-resty-jit-uuid 0.0.7-2|64ae38de75c9d58f330d89e140ac872771c19223|production
lua-resty-jwt 0.2.0-0|2a62ff95eae91df6bd8655080a4b9b04c61bec6b|production
lua-resty-redis-connector 0.11.0-0||production
lua-resty-repl 0.0.6-0|3878f41b7e8f97b1c96919db19dbee9496569dda|development
lua-resty-url 0.3.5-1||production
lua-term 0.7-1||testing
lua_cliargs 3.0-1||testing
luacov 0.13.0-1|637c48d59f722050d718d0c398f655bc7fe1707a|testing
luafilesystem 1.7.0-2|de87218e9798c4dd1a40d65403d99e9e82e1cfa0|testing,production,development
luassert 1.9.0-1|8d8dc8a54cc468048a128a867f6449a6c3fdd11a|testing
luasystem 0.2.1-0||testing
lyaml 6.2.4-1||production
markdown 0.33-1|8c09109924b218aaecbfd4d4b1de538269c4d765|development
mediator_lua 1.1.2-0||testing
net-url 1.1-1|32acd84d06e16ddffc975adafce9cea26f3b2dd1|testing
nginx-lua-prometheus 0.20181120-3|379c0a4d4d6f3c5b0eb93691fc7e14fff498e1ca|production
penlight 1.7.0-1|1cce50d2cd3b3dd209d2aa1f5ad72398ab1e8d48|testing,production,development
router 2.1-0||production
say 1.4.1-3|45a3057e68c52b34ab59ef167efeb2340e356661|testing